
Microsoft Visual Studio Solution File, Format Version 12.00
# Visual Studio Version 18
VisualStudioVersion = 18.5.11723.231
MinimumVisualStudioVersion = 10.0.40219.1
Project("{FAE04EC0-301F-11D3-BF4B-00C04F79EFBC}") = "Sho2on", "Sho2on\Sho2on.csproj", "{1B76EDEA-305D-C4FD-5667-D7CA97530C61}"
EndProject
Project("{FAE04EC0-301F-11D3-BF4B-00C04F79EFBC}") = "Sho2on.Database", "Sho2on.Database\Sho2on.Database.csproj", "{D18268EE-5758-3105-05CF-B294EC3FEB28}"
EndProject
Project("{FAE04EC0-301F-11D3-BF4B-00C04F79EFBC}") = "Sho2on.Web", "Sho2on.Web\Sho2on.Web.csproj", "{8A25C05E-9F7E-4EB2-AA24-F107B9AEF133}"
EndProject
Project("{FAE04EC0-301F-11D3-BF4B-00C04F79EFBC}") = "ChatHubAPI", "ChatHubAPI\ChatHubAPI.csproj", "{2202271D-B13D-0EF1-A6DF-E612449ED754}"
EndProject
Global
	GlobalSection(SolutionConfigurationPlatforms) = preSolution
		Debug|Any CPU = Debug|Any CPU
		Release|Any CPU = Release|Any CPU
	EndGlobalSection
	GlobalSection(ProjectConfigurationPlatforms) = postSolution
		{1B76EDEA-305D-C4FD-5667-D7CA97530C61}.Debug|Any CPU.ActiveCfg = Debug|Any CPU
		{1B76EDEA-305D-C4FD-5667-D7CA97530C61}.Debug|Any CPU.Build.0 = Debug|Any CPU
		{1B76EDEA-305D-C4FD-5667-D7CA97530C61}.Release|Any CPU.ActiveCfg = Release|Any CPU
		{1B76EDEA-305D-C4FD-5667-D7CA97530C61}.Release|Any CPU.Build.0 = Release|Any CPU
		{D18268EE-5758-3105-05CF-B294EC3FEB28}.Debug|Any CPU.ActiveCfg = Debug|Any CPU
		{D18268EE-5758-3105-05CF-B294EC3FEB28}.Debug|Any CPU.Build.0 = Debug|Any CPU
		{D18268EE-5758-3105-05CF-B294EC3FEB28}.Release|Any CPU.ActiveCfg = Release|Any CPU
		{D18268EE-5758-3105-05CF-B294EC3FEB28}.Release|Any CPU.Build.0 = Release|Any CPU
		{8A25C05E-9F7E-4EB2-AA24-F107B9AEF133}.Debug|Any CPU.ActiveCfg = Debug|Any CPU
		{8A25C05E-9F7E-4EB2-AA24-F107B9AEF133}.Debug|Any CPU.Build.0 = Debug|Any CPU
		{8A25C05E-9F7E-4EB2-AA24-F107B9AEF133}.Release|Any CPU.ActiveCfg = Release|Any CPU
		{8A25C05E-9F7E-4EB2-AA24-F107B9AEF133}.Release|Any CPU.Build.0 = Release|Any CPU
		{2202271D-B13D-0EF1-A6DF-E612449ED754}.Debug|Any CPU.ActiveCfg = Debug|Any CPU
		{2202271D-B13D-0EF1-A6DF-E612449ED754}.Debug|Any CPU.Build.0 = Debug|Any CPU
		{2202271D-B13D-0EF1-A6DF-E612449ED754}.Release|Any CPU.ActiveCfg = Release|Any CPU
		{2202271D-B13D-0EF1-A6DF-E612449ED754}.Release|Any CPU.Build.0 = Release|Any CPU
	EndGlobalSection
	GlobalSection(SolutionProperties) = preSolution
		HideSolutionNode = FALSE
	EndGlobalSection
	GlobalSection(ExtensibilityGlobals) = postSolution
		SolutionGuid = {F2EF6E11-BC1C-4B47-B9B5-44AABB6C714E}
	EndGlobalSection
EndGlobal
